
Microsoft Visual Studio Solution File, Format Version 12.00
# Visual Studio Version 16
VisualStudioVersion = 16.0.32228.343
MinimumVisualStudioVersion = 10.0.40219.1
Project("{FAE04EC0-301F-11D3-BF4B-00C04F79EFBC}") = "D", "D.csproj", "{518DEFFB-4E0A-4557-B652-5BB60F1B2E75}"
EndProject
Global
	GlobalSection(SolutionConfigurationPlatforms) = preSolution
		Debug|Any CPU = Debug|Any CPU
		Release|Any CPU = Release|Any CPU
	EndGlobalSection
	GlobalSection(ProjectConfigurationPlatforms) = postSolution
		{518DEFFB-4E0A-4557-B652-5BB60F1B2E75}.Debug|Any CPU.ActiveCfg = Debug|Any CPU
		{518DEFFB-4E0A-4557-B652-5BB60F1B2E75}.Debug|Any CPU.Build.0 = Debug|Any CPU
		{518DEFFB-4E0A-4557-B652-5BB60F1B2E75}.Release|Any CPU.ActiveCfg = Release|Any CPU
		{518DEFFB-4E0A-4557-B652-5BB60F1B2E75}.Release|Any CPU.Build.0 = Release|Any CPU
	EndGlobalSection
	GlobalSection(SolutionProperties) = preSolution
		HideSolutionNode = FALSE
	EndGlobalSection
	GlobalSection(ExtensibilityGlobals) = postSolution
		SolutionGuid = {734AD6CF-924E-4EB6-B68A-62F28809280E}
	EndGlobalSection
EndGlobal
