
Microsoft Visual Studio Solution File, Format Version 12.00
# Visual Studio Version 16
VisualStudioVersion = 16.0.32228.343
MinimumVisualStudioVersion = 10.0.40219.1
Project("{FAE04EC0-301F-11D3-BF4B-00C04F79EFBC}") = "6", "6.csproj", "{0173572D-8313-4A8C-B7CB-6005ABECA2F0}"
EndProject
Global
	GlobalSection(SolutionConfigurationPlatforms) = preSolution
		Debug|Any CPU = Debug|Any CPU
		Release|Any CPU = Release|Any CPU
	EndGlobalSection
	GlobalSection(ProjectConfigurationPlatforms) = postSolution
		{0173572D-8313-4A8C-B7CB-6005ABECA2F0}.Debug|Any CPU.ActiveCfg = Debug|Any CPU
		{0173572D-8313-4A8C-B7CB-6005ABECA2F0}.Debug|Any CPU.Build.0 = Debug|Any CPU
		{0173572D-8313-4A8C-B7CB-6005ABECA2F0}.Release|Any CPU.ActiveCfg = Release|Any CPU
		{0173572D-8313-4A8C-B7CB-6005ABECA2F0}.Release|Any CPU.Build.0 = Release|Any CPU
	EndGlobalSection
	GlobalSection(SolutionProperties) = preSolution
		HideSolutionNode = FALSE
	EndGlobalSection
	GlobalSection(ExtensibilityGlobals) = postSolution
		SolutionGuid = {8B83BA34-4362-4F6E-9AE8-51C1C7108566}
	EndGlobalSection
EndGlobal
