
Microsoft Visual Studio Solution File, Format Version 12.00
# Visual Studio Version 16
VisualStudioVersion = 16.0.32228.343
MinimumVisualStudioVersion = 10.0.40219.1
Project("{FAE04EC0-301F-11D3-BF4B-00C04F79EFBC}") = "B", "B.csproj", "{97985434-FDFF-4084-BE1D-B19A1C4CF2D2}"
EndProject
Global
	GlobalSection(SolutionConfigurationPlatforms) = preSolution
		Debug|Any CPU = Debug|Any CPU
		Release|Any CPU = Release|Any CPU
	EndGlobalSection
	GlobalSection(ProjectConfigurationPlatforms) = postSolution
		{97985434-FDFF-4084-BE1D-B19A1C4CF2D2}.Debug|Any CPU.ActiveCfg = Debug|Any CPU
		{97985434-FDFF-4084-BE1D-B19A1C4CF2D2}.Debug|Any CPU.Build.0 = Debug|Any CPU
		{97985434-FDFF-4084-BE1D-B19A1C4CF2D2}.Release|Any CPU.ActiveCfg = Release|Any CPU
		{97985434-FDFF-4084-BE1D-B19A1C4CF2D2}.Release|Any CPU.Build.0 = Release|Any CPU
	EndGlobalSection
	GlobalSection(SolutionProperties) = preSolution
		HideSolutionNode = FALSE
	EndGlobalSection
	GlobalSection(ExtensibilityGlobals) = postSolution
		SolutionGuid = {6C31745E-2811-42E3-9AF8-AAF26279705E}
	EndGlobalSection
EndGlobal
