
Microsoft Visual Studio Solution File, Format Version 12.00
# Visual Studio Version 16
VisualStudioVersion = 16.0.32228.343
MinimumVisualStudioVersion = 10.0.40219.1
Project("{FAE04EC0-301F-11D3-BF4B-00C04F79EFBC}") = "2", "2.csproj", "{5860B1A8-F603-4527-8248-6634C0D3C706}"
EndProject
Global
	GlobalSection(SolutionConfigurationPlatforms) = preSolution
		Debug|Any CPU = Debug|Any CPU
		Release|Any CPU = Release|Any CPU
	EndGlobalSection
	GlobalSection(ProjectConfigurationPlatforms) = postSolution
		{5860B1A8-F603-4527-8248-6634C0D3C706}.Debug|Any CPU.ActiveCfg = Debug|Any CPU
		{5860B1A8-F603-4527-8248-6634C0D3C706}.Debug|Any CPU.Build.0 = Debug|Any CPU
		{5860B1A8-F603-4527-8248-6634C0D3C706}.Release|Any CPU.ActiveCfg = Release|Any CPU
		{5860B1A8-F603-4527-8248-6634C0D3C706}.Release|Any CPU.Build.0 = Release|Any CPU
	EndGlobalSection
	GlobalSection(SolutionProperties) = preSolution
		HideSolutionNode = FALSE
	EndGlobalSection
	GlobalSection(ExtensibilityGlobals) = postSolution
		SolutionGuid = {2F2F218C-8C7A-4FBC-9DD8-5EA7D4EB683E}
	EndGlobalSection
EndGlobal
