
Microsoft Visual Studio Solution File, Format Version 12.00
# Visual Studio Version 16
VisualStudioVersion = 16.0.32228.343
MinimumVisualStudioVersion = 10.0.40219.1
Project("{FAE04EC0-301F-11D3-BF4B-00C04F79EFBC}") = "1", "1.csproj", "{F45F046A-2BEC-4E31-85CD-F7790E4D89DC}"
EndProject
Global
	GlobalSection(SolutionConfigurationPlatforms) = preSolution
		Debug|Any CPU = Debug|Any CPU
		Release|Any CPU = Release|Any CPU
	EndGlobalSection
	GlobalSection(ProjectConfigurationPlatforms) = postSolution
		{F45F046A-2BEC-4E31-85CD-F7790E4D89DC}.Debug|Any CPU.ActiveCfg = Debug|Any CPU
		{F45F046A-2BEC-4E31-85CD-F7790E4D89DC}.Debug|Any CPU.Build.0 = Debug|Any CPU
		{F45F046A-2BEC-4E31-85CD-F7790E4D89DC}.Release|Any CPU.ActiveCfg = Release|Any CPU
		{F45F046A-2BEC-4E31-85CD-F7790E4D89DC}.Release|Any CPU.Build.0 = Release|Any CPU
	EndGlobalSection
	GlobalSection(SolutionProperties) = preSolution
		HideSolutionNode = FALSE
	EndGlobalSection
	GlobalSection(ExtensibilityGlobals) = postSolution
		SolutionGuid = {51499C76-0CC2-4DA2-B846-D45A750CD3FE}
	EndGlobalSection
EndGlobal
