
Microsoft Visual Studio Solution File, Format Version 12.00
# Visual Studio Version 16
VisualStudioVersion = 16.0.32228.343
MinimumVisualStudioVersion = 10.0.40219.1
Project("{FAE04EC0-301F-11D3-BF4B-00C04F79EFBC}") = "6", "6.csproj", "{A81CA954-8390-4624-99B1-367B8FEEEC3A}"
EndProject
Global
	GlobalSection(SolutionConfigurationPlatforms) = preSolution
		Debug|Any CPU = Debug|Any CPU
		Release|Any CPU = Release|Any CPU
	EndGlobalSection
	GlobalSection(ProjectConfigurationPlatforms) = postSolution
		{A81CA954-8390-4624-99B1-367B8FEEEC3A}.Debug|Any CPU.ActiveCfg = Debug|Any CPU
		{A81CA954-8390-4624-99B1-367B8FEEEC3A}.Debug|Any CPU.Build.0 = Debug|Any CPU
		{A81CA954-8390-4624-99B1-367B8FEEEC3A}.Release|Any CPU.ActiveCfg = Release|Any CPU
		{A81CA954-8390-4624-99B1-367B8FEEEC3A}.Release|Any CPU.Build.0 = Release|Any CPU
	EndGlobalSection
	GlobalSection(SolutionProperties) = preSolution
		HideSolutionNode = FALSE
	EndGlobalSection
	GlobalSection(ExtensibilityGlobals) = postSolution
		SolutionGuid = {A6924877-08E4-454F-B249-232561D01B0A}
	EndGlobalSection
EndGlobal
