
Microsoft Visual Studio Solution File, Format Version 12.00
# Visual Studio Version 16
VisualStudioVersion = 16.0.32228.343
MinimumVisualStudioVersion = 10.0.40219.1
Project("{FAE04EC0-301F-11D3-BF4B-00C04F79EFBC}") = "G", "G.csproj", "{69F47238-DC71-4762-A7F4-340C06DCA605}"
EndProject
Global
	GlobalSection(SolutionConfigurationPlatforms) = preSolution
		Debug|Any CPU = Debug|Any CPU
		Release|Any CPU = Release|Any CPU
	EndGlobalSection
	GlobalSection(ProjectConfigurationPlatforms) = postSolution
		{69F47238-DC71-4762-A7F4-340C06DCA605}.Debug|Any CPU.ActiveCfg = Debug|Any CPU
		{69F47238-DC71-4762-A7F4-340C06DCA605}.Debug|Any CPU.Build.0 = Debug|Any CPU
		{69F47238-DC71-4762-A7F4-340C06DCA605}.Release|Any CPU.ActiveCfg = Release|Any CPU
		{69F47238-DC71-4762-A7F4-340C06DCA605}.Release|Any CPU.Build.0 = Release|Any CPU
	EndGlobalSection
	GlobalSection(SolutionProperties) = preSolution
		HideSolutionNode = FALSE
	EndGlobalSection
	GlobalSection(ExtensibilityGlobals) = postSolution
		SolutionGuid = {39313C1D-D9F6-4023-BF2C-1416561A866E}
	EndGlobalSection
EndGlobal
