
Microsoft Visual Studio Solution File, Format Version 12.00
# Visual Studio Version 16
VisualStudioVersion = 16.0.32228.343
MinimumVisualStudioVersion = 10.0.40219.1
Project("{FAE04EC0-301F-11D3-BF4B-00C04F79EFBC}") = "5", "5.csproj", "{EA3329D7-902E-44E7-B598-3B9B8A4B070C}"
EndProject
Global
	GlobalSection(SolutionConfigurationPlatforms) = preSolution
		Debug|Any CPU = Debug|Any CPU
		Release|Any CPU = Release|Any CPU
	EndGlobalSection
	GlobalSection(ProjectConfigurationPlatforms) = postSolution
		{EA3329D7-902E-44E7-B598-3B9B8A4B070C}.Debug|Any CPU.ActiveCfg = Debug|Any CPU
		{EA3329D7-902E-44E7-B598-3B9B8A4B070C}.Debug|Any CPU.Build.0 = Debug|Any CPU
		{EA3329D7-902E-44E7-B598-3B9B8A4B070C}.Release|Any CPU.ActiveCfg = Release|Any CPU
		{EA3329D7-902E-44E7-B598-3B9B8A4B070C}.Release|Any CPU.Build.0 = Release|Any CPU
	EndGlobalSection
	GlobalSection(SolutionProperties) = preSolution
		HideSolutionNode = FALSE
	EndGlobalSection
	GlobalSection(ExtensibilityGlobals) = postSolution
		SolutionGuid = {D26B75F0-DD4B-4956-82C2-A4C0567C3430}
	EndGlobalSection
EndGlobal
