
Microsoft Visual Studio Solution File, Format Version 12.00
# Visual Studio Version 16
VisualStudioVersion = 16.0.32228.343
MinimumVisualStudioVersion = 10.0.40219.1
Project("{FAE04EC0-301F-11D3-BF4B-00C04F79EFBC}") = "2", "2.csproj", "{44C8F105-563F-4A49-ADFF-31C93FF92473}"
EndProject
Global
	GlobalSection(SolutionConfigurationPlatforms) = preSolution
		Debug|Any CPU = Debug|Any CPU
		Release|Any CPU = Release|Any CPU
	EndGlobalSection
	GlobalSection(ProjectConfigurationPlatforms) = postSolution
		{44C8F105-563F-4A49-ADFF-31C93FF92473}.Debug|Any CPU.ActiveCfg = Debug|Any CPU
		{44C8F105-563F-4A49-ADFF-31C93FF92473}.Debug|Any CPU.Build.0 = Debug|Any CPU
		{44C8F105-563F-4A49-ADFF-31C93FF92473}.Release|Any CPU.ActiveCfg = Release|Any CPU
		{44C8F105-563F-4A49-ADFF-31C93FF92473}.Release|Any CPU.Build.0 = Release|Any CPU
	EndGlobalSection
	GlobalSection(SolutionProperties) = preSolution
		HideSolutionNode = FALSE
	EndGlobalSection
	GlobalSection(ExtensibilityGlobals) = postSolution
		SolutionGuid = {B4AB0BCC-96C8-4E51-8747-8BDE95FB860D}
	EndGlobalSection
EndGlobal
