
Microsoft Visual Studio Solution File, Format Version 12.00
# Visual Studio Version 16
VisualStudioVersion = 16.0.32228.343
MinimumVisualStudioVersion = 10.0.40219.1
Project("{FAE04EC0-301F-11D3-BF4B-00C04F79EFBC}") = "3", "3.csproj", "{0D8D7EFF-B5A2-4179-B4B7-367D0FE751DF}"
EndProject
Global
	GlobalSection(SolutionConfigurationPlatforms) = preSolution
		Debug|Any CPU = Debug|Any CPU
		Release|Any CPU = Release|Any CPU
	EndGlobalSection
	GlobalSection(ProjectConfigurationPlatforms) = postSolution
		{0D8D7EFF-B5A2-4179-B4B7-367D0FE751DF}.Debug|Any CPU.ActiveCfg = Debug|Any CPU
		{0D8D7EFF-B5A2-4179-B4B7-367D0FE751DF}.Debug|Any CPU.Build.0 = Debug|Any CPU
		{0D8D7EFF-B5A2-4179-B4B7-367D0FE751DF}.Release|Any CPU.ActiveCfg = Release|Any CPU
		{0D8D7EFF-B5A2-4179-B4B7-367D0FE751DF}.Release|Any CPU.Build.0 = Release|Any CPU
	EndGlobalSection
	GlobalSection(SolutionProperties) = preSolution
		HideSolutionNode = FALSE
	EndGlobalSection
	GlobalSection(ExtensibilityGlobals) = postSolution
		SolutionGuid = {8C22490C-880A-4FBC-8227-2C349754807E}
	EndGlobalSection
EndGlobal
