
Microsoft Visual Studio Solution File, Format Version 12.00
# Visual Studio Version 16
VisualStudioVersion = 16.0.32228.343
MinimumVisualStudioVersion = 10.0.40219.1
Project("{FAE04EC0-301F-11D3-BF4B-00C04F79EFBC}") = "C", "C.csproj", "{BCF9B29E-5FEE-489F-8163-E4ACF1655A4E}"
EndProject
Global
	GlobalSection(SolutionConfigurationPlatforms) = preSolution
		Debug|Any CPU = Debug|Any CPU
		Release|Any CPU = Release|Any CPU
	EndGlobalSection
	GlobalSection(ProjectConfigurationPlatforms) = postSolution
		{BCF9B29E-5FEE-489F-8163-E4ACF1655A4E}.Debug|Any CPU.ActiveCfg = Debug|Any CPU
		{BCF9B29E-5FEE-489F-8163-E4ACF1655A4E}.Debug|Any CPU.Build.0 = Debug|Any CPU
		{BCF9B29E-5FEE-489F-8163-E4ACF1655A4E}.Release|Any CPU.ActiveCfg = Release|Any CPU
		{BCF9B29E-5FEE-489F-8163-E4ACF1655A4E}.Release|Any CPU.Build.0 = Release|Any CPU
	EndGlobalSection
	GlobalSection(SolutionProperties) = preSolution
		HideSolutionNode = FALSE
	EndGlobalSection
	GlobalSection(ExtensibilityGlobals) = postSolution
		SolutionGuid = {86B7B752-9C38-4E3F-81E9-279EDD464996}
	EndGlobalSection
EndGlobal
