
Microsoft Visual Studio Solution File, Format Version 12.00
# Visual Studio Version 16
VisualStudioVersion = 16.0.32228.343
MinimumVisualStudioVersion = 10.0.40219.1
Project("{FAE04EC0-301F-11D3-BF4B-00C04F79EFBC}") = "5", "5.csproj", "{BE58B346-8F30-41FB-BE91-763949F1A85A}"
EndProject
Global
	GlobalSection(SolutionConfigurationPlatforms) = preSolution
		Debug|Any CPU = Debug|Any CPU
		Release|Any CPU = Release|Any CPU
	EndGlobalSection
	GlobalSection(ProjectConfigurationPlatforms) = postSolution
		{BE58B346-8F30-41FB-BE91-763949F1A85A}.Debug|Any CPU.ActiveCfg = Debug|Any CPU
		{BE58B346-8F30-41FB-BE91-763949F1A85A}.Debug|Any CPU.Build.0 = Debug|Any CPU
		{BE58B346-8F30-41FB-BE91-763949F1A85A}.Release|Any CPU.ActiveCfg = Release|Any CPU
		{BE58B346-8F30-41FB-BE91-763949F1A85A}.Release|Any CPU.Build.0 = Release|Any CPU
	EndGlobalSection
	GlobalSection(SolutionProperties) = preSolution
		HideSolutionNode = FALSE
	EndGlobalSection
	GlobalSection(ExtensibilityGlobals) = postSolution
		SolutionGuid = {602FC65B-35A7-4601-81A2-0357E5895269}
	EndGlobalSection
EndGlobal
