
Microsoft Visual Studio Solution File, Format Version 12.00
# Visual Studio Version 16
VisualStudioVersion = 16.0.32228.343
MinimumVisualStudioVersion = 10.0.40219.1
Project("{FAE04EC0-301F-11D3-BF4B-00C04F79EFBC}") = "A", "A.csproj", "{3566A556-68C2-4C6A-84EE-4E56C80B0B3C}"
EndProject
Global
	GlobalSection(SolutionConfigurationPlatforms) = preSolution
		Debug|Any CPU = Debug|Any CPU
		Release|Any CPU = Release|Any CPU
	EndGlobalSection
	GlobalSection(ProjectConfigurationPlatforms) = postSolution
		{3566A556-68C2-4C6A-84EE-4E56C80B0B3C}.Debug|Any CPU.ActiveCfg = Debug|Any CPU
		{3566A556-68C2-4C6A-84EE-4E56C80B0B3C}.Debug|Any CPU.Build.0 = Debug|Any CPU
		{3566A556-68C2-4C6A-84EE-4E56C80B0B3C}.Release|Any CPU.ActiveCfg = Release|Any CPU
		{3566A556-68C2-4C6A-84EE-4E56C80B0B3C}.Release|Any CPU.Build.0 = Release|Any CPU
	EndGlobalSection
	GlobalSection(SolutionProperties) = preSolution
		HideSolutionNode = FALSE
	EndGlobalSection
	GlobalSection(ExtensibilityGlobals) = postSolution
		SolutionGuid = {56A7CBC1-84BC-41AC-AC6B-BE1830BABBCB}
	EndGlobalSection
EndGlobal
