
Microsoft Visual Studio Solution File, Format Version 12.00
# Visual Studio Version 16
VisualStudioVersion = 16.0.32228.343
MinimumVisualStudioVersion = 10.0.40219.1
Project("{FAE04EC0-301F-11D3-BF4B-00C04F79EFBC}") = "F", "F.csproj", "{72E32D21-6FE3-4628-8D76-1D04ABFAAD75}"
EndProject
Global
	GlobalSection(SolutionConfigurationPlatforms) = preSolution
		Debug|Any CPU = Debug|Any CPU
		Release|Any CPU = Release|Any CPU
	EndGlobalSection
	GlobalSection(ProjectConfigurationPlatforms) = postSolution
		{72E32D21-6FE3-4628-8D76-1D04ABFAAD75}.Debug|Any CPU.ActiveCfg = Debug|Any CPU
		{72E32D21-6FE3-4628-8D76-1D04ABFAAD75}.Debug|Any CPU.Build.0 = Debug|Any CPU
		{72E32D21-6FE3-4628-8D76-1D04ABFAAD75}.Release|Any CPU.ActiveCfg = Release|Any CPU
		{72E32D21-6FE3-4628-8D76-1D04ABFAAD75}.Release|Any CPU.Build.0 = Release|Any CPU
	EndGlobalSection
	GlobalSection(SolutionProperties) = preSolution
		HideSolutionNode = FALSE
	EndGlobalSection
	GlobalSection(ExtensibilityGlobals) = postSolution
		SolutionGuid = {A5E1B6FD-2979-41C9-A887-BED603E38134}
	EndGlobalSection
EndGlobal
