
Microsoft Visual Studio Solution File, Format Version 12.00
# Visual Studio Version 16
VisualStudioVersion = 16.0.32228.343
MinimumVisualStudioVersion = 10.0.40219.1
Project("{FAE04EC0-301F-11D3-BF4B-00C04F79EFBC}") = "2", "2.csproj", "{4250646A-62FD-4C21-A1BA-E77C4231B552}"
EndProject
Global
	GlobalSection(SolutionConfigurationPlatforms) = preSolution
		Debug|Any CPU = Debug|Any CPU
		Release|Any CPU = Release|Any CPU
	EndGlobalSection
	GlobalSection(ProjectConfigurationPlatforms) = postSolution
		{4250646A-62FD-4C21-A1BA-E77C4231B552}.Debug|Any CPU.ActiveCfg = Debug|Any CPU
		{4250646A-62FD-4C21-A1BA-E77C4231B552}.Debug|Any CPU.Build.0 = Debug|Any CPU
		{4250646A-62FD-4C21-A1BA-E77C4231B552}.Release|Any CPU.ActiveCfg = Release|Any CPU
		{4250646A-62FD-4C21-A1BA-E77C4231B552}.Release|Any CPU.Build.0 = Release|Any CPU
	EndGlobalSection
	GlobalSection(SolutionProperties) = preSolution
		HideSolutionNode = FALSE
	EndGlobalSection
	GlobalSection(ExtensibilityGlobals) = postSolution
		SolutionGuid = {876752AD-2B2C-4645-B810-706054B83395}
	EndGlobalSection
EndGlobal
