
Microsoft Visual Studio Solution File, Format Version 12.00
# Visual Studio Version 16
VisualStudioVersion = 16.0.32228.343
MinimumVisualStudioVersion = 10.0.40219.1
Project("{FAE04EC0-301F-11D3-BF4B-00C04F79EFBC}") = "4", "4.csproj", "{3B1E3416-F113-4B4F-AA22-51FAC250F631}"
EndProject
Global
	GlobalSection(SolutionConfigurationPlatforms) = preSolution
		Debug|Any CPU = Debug|Any CPU
		Release|Any CPU = Release|Any CPU
	EndGlobalSection
	GlobalSection(ProjectConfigurationPlatforms) = postSolution
		{3B1E3416-F113-4B4F-AA22-51FAC250F631}.Debug|Any CPU.ActiveCfg = Debug|Any CPU
		{3B1E3416-F113-4B4F-AA22-51FAC250F631}.Debug|Any CPU.Build.0 = Debug|Any CPU
		{3B1E3416-F113-4B4F-AA22-51FAC250F631}.Release|Any CPU.ActiveCfg = Release|Any CPU
		{3B1E3416-F113-4B4F-AA22-51FAC250F631}.Release|Any CPU.Build.0 = Release|Any CPU
	EndGlobalSection
	GlobalSection(SolutionProperties) = preSolution
		HideSolutionNode = FALSE
	EndGlobalSection
	GlobalSection(ExtensibilityGlobals) = postSolution
		SolutionGuid = {CC641578-8BA1-4E37-AB03-4C447B08EEB9}
	EndGlobalSection
EndGlobal
