
Microsoft Visual Studio Solution File, Format Version 12.00
# Visual Studio Version 16
VisualStudioVersion = 16.0.32228.343
MinimumVisualStudioVersion = 10.0.40219.1
Project("{FAE04EC0-301F-11D3-BF4B-00C04F79EFBC}") = "4", "4.csproj", "{5A84C614-30A2-40C7-B4B7-1CE6FEE2F1EC}"
EndProject
Global
	GlobalSection(SolutionConfigurationPlatforms) = preSolution
		Debug|Any CPU = Debug|Any CPU
		Release|Any CPU = Release|Any CPU
	EndGlobalSection
	GlobalSection(ProjectConfigurationPlatforms) = postSolution
		{5A84C614-30A2-40C7-B4B7-1CE6FEE2F1EC}.Debug|Any CPU.ActiveCfg = Debug|Any CPU
		{5A84C614-30A2-40C7-B4B7-1CE6FEE2F1EC}.Debug|Any CPU.Build.0 = Debug|Any CPU
		{5A84C614-30A2-40C7-B4B7-1CE6FEE2F1EC}.Release|Any CPU.ActiveCfg = Release|Any CPU
		{5A84C614-30A2-40C7-B4B7-1CE6FEE2F1EC}.Release|Any CPU.Build.0 = Release|Any CPU
	EndGlobalSection
	GlobalSection(SolutionProperties) = preSolution
		HideSolutionNode = FALSE
	EndGlobalSection
	GlobalSection(ExtensibilityGlobals) = postSolution
		SolutionGuid = {B446552D-2A08-4476-8A01-2FF83750CD13}
	EndGlobalSection
EndGlobal
