
Microsoft Visual Studio Solution File, Format Version 12.00
# Visual Studio Version 16
VisualStudioVersion = 16.0.32228.343
MinimumVisualStudioVersion = 10.0.40219.1
Project("{FAE04EC0-301F-11D3-BF4B-00C04F79EFBC}") = "3", "3.csproj", "{FF436B01-5B0E-47BF-B6AB-C0F26059FA76}"
EndProject
Global
	GlobalSection(SolutionConfigurationPlatforms) = preSolution
		Debug|Any CPU = Debug|Any CPU
		Release|Any CPU = Release|Any CPU
	EndGlobalSection
	GlobalSection(ProjectConfigurationPlatforms) = postSolution
		{FF436B01-5B0E-47BF-B6AB-C0F26059FA76}.Debug|Any CPU.ActiveCfg = Debug|Any CPU
		{FF436B01-5B0E-47BF-B6AB-C0F26059FA76}.Debug|Any CPU.Build.0 = Debug|Any CPU
		{FF436B01-5B0E-47BF-B6AB-C0F26059FA76}.Release|Any CPU.ActiveCfg = Release|Any CPU
		{FF436B01-5B0E-47BF-B6AB-C0F26059FA76}.Release|Any CPU.Build.0 = Release|Any CPU
	EndGlobalSection
	GlobalSection(SolutionProperties) = preSolution
		HideSolutionNode = FALSE
	EndGlobalSection
	GlobalSection(ExtensibilityGlobals) = postSolution
		SolutionGuid = {4A18C330-40A1-407E-B6D2-F6D8A20ECDB6}
	EndGlobalSection
EndGlobal
