
Microsoft Visual Studio Solution File, Format Version 12.00
# Visual Studio Version 16
VisualStudioVersion = 16.0.32228.343
MinimumVisualStudioVersion = 10.0.40219.1
Project("{FAE04EC0-301F-11D3-BF4B-00C04F79EFBC}") = "A", "A.csproj", "{B4AC205C-EEC0-40B2-ACE5-E74200A6C37A}"
EndProject
Global
	GlobalSection(SolutionConfigurationPlatforms) = preSolution
		Debug|Any CPU = Debug|Any CPU
		Release|Any CPU = Release|Any CPU
	EndGlobalSection
	GlobalSection(ProjectConfigurationPlatforms) = postSolution
		{B4AC205C-EEC0-40B2-ACE5-E74200A6C37A}.Debug|Any CPU.ActiveCfg = Debug|Any CPU
		{B4AC205C-EEC0-40B2-ACE5-E74200A6C37A}.Debug|Any CPU.Build.0 = Debug|Any CPU
		{B4AC205C-EEC0-40B2-ACE5-E74200A6C37A}.Release|Any CPU.ActiveCfg = Release|Any CPU
		{B4AC205C-EEC0-40B2-ACE5-E74200A6C37A}.Release|Any CPU.Build.0 = Release|Any CPU
	EndGlobalSection
	GlobalSection(SolutionProperties) = preSolution
		HideSolutionNode = FALSE
	EndGlobalSection
	GlobalSection(ExtensibilityGlobals) = postSolution
		SolutionGuid = {114EF6B1-D415-4869-8415-F425502F5527}
	EndGlobalSection
EndGlobal
