
Microsoft Visual Studio Solution File, Format Version 12.00
# Visual Studio Version 16
VisualStudioVersion = 16.0.32228.343
MinimumVisualStudioVersion = 10.0.40219.1
Project("{FAE04EC0-301F-11D3-BF4B-00C04F79EFBC}") = "3", "3.csproj", "{D94EB8C6-7CAD-48AC-9A54-756F3B794BFD}"
EndProject
Global
	GlobalSection(SolutionConfigurationPlatforms) = preSolution
		Debug|Any CPU = Debug|Any CPU
		Release|Any CPU = Release|Any CPU
	EndGlobalSection
	GlobalSection(ProjectConfigurationPlatforms) = postSolution
		{D94EB8C6-7CAD-48AC-9A54-756F3B794BFD}.Debug|Any CPU.ActiveCfg = Debug|Any CPU
		{D94EB8C6-7CAD-48AC-9A54-756F3B794BFD}.Debug|Any CPU.Build.0 = Debug|Any CPU
		{D94EB8C6-7CAD-48AC-9A54-756F3B794BFD}.Release|Any CPU.ActiveCfg = Release|Any CPU
		{D94EB8C6-7CAD-48AC-9A54-756F3B794BFD}.Release|Any CPU.Build.0 = Release|Any CPU
	EndGlobalSection
	GlobalSection(SolutionProperties) = preSolution
		HideSolutionNode = FALSE
	EndGlobalSection
	GlobalSection(ExtensibilityGlobals) = postSolution
		SolutionGuid = {7361A731-B7A2-43AD-B0F0-A423FFFF989A}
	EndGlobalSection
EndGlobal
