
Microsoft Visual Studio Solution File, Format Version 12.00
# Visual Studio Version 16
VisualStudioVersion = 16.0.32228.343
MinimumVisualStudioVersion = 10.0.40219.1
Project("{FAE04EC0-301F-11D3-BF4B-00C04F79EFBC}") = "2", "2.csproj", "{D6D096E1-FF48-4139-91A9-CF21725BF99C}"
EndProject
Global
	GlobalSection(SolutionConfigurationPlatforms) = preSolution
		Debug|Any CPU = Debug|Any CPU
		Release|Any CPU = Release|Any CPU
	EndGlobalSection
	GlobalSection(ProjectConfigurationPlatforms) = postSolution
		{D6D096E1-FF48-4139-91A9-CF21725BF99C}.Debug|Any CPU.ActiveCfg = Debug|Any CPU
		{D6D096E1-FF48-4139-91A9-CF21725BF99C}.Debug|Any CPU.Build.0 = Debug|Any CPU
		{D6D096E1-FF48-4139-91A9-CF21725BF99C}.Release|Any CPU.ActiveCfg = Release|Any CPU
		{D6D096E1-FF48-4139-91A9-CF21725BF99C}.Release|Any CPU.Build.0 = Release|Any CPU
	EndGlobalSection
	GlobalSection(SolutionProperties) = preSolution
		HideSolutionNode = FALSE
	EndGlobalSection
	GlobalSection(ExtensibilityGlobals) = postSolution
		SolutionGuid = {DE8D23B8-FAFF-4B58-8C67-01FD05DF30B1}
	EndGlobalSection
EndGlobal
