
Microsoft Visual Studio Solution File, Format Version 12.00
# Visual Studio Version 16
VisualStudioVersion = 16.0.32228.343
MinimumVisualStudioVersion = 10.0.40219.1
Project("{FAE04EC0-301F-11D3-BF4B-00C04F79EFBC}") = "A", "A.csproj", "{D27C1EFD-0877-49DC-84C7-39CACB5937AE}"
EndProject
Global
	GlobalSection(SolutionConfigurationPlatforms) = preSolution
		Debug|Any CPU = Debug|Any CPU
		Release|Any CPU = Release|Any CPU
	EndGlobalSection
	GlobalSection(ProjectConfigurationPlatforms) = postSolution
		{D27C1EFD-0877-49DC-84C7-39CACB5937AE}.Debug|Any CPU.ActiveCfg = Debug|Any CPU
		{D27C1EFD-0877-49DC-84C7-39CACB5937AE}.Debug|Any CPU.Build.0 = Debug|Any CPU
		{D27C1EFD-0877-49DC-84C7-39CACB5937AE}.Release|Any CPU.ActiveCfg = Release|Any CPU
		{D27C1EFD-0877-49DC-84C7-39CACB5937AE}.Release|Any CPU.Build.0 = Release|Any CPU
	EndGlobalSection
	GlobalSection(SolutionProperties) = preSolution
		HideSolutionNode = FALSE
	EndGlobalSection
	GlobalSection(ExtensibilityGlobals) = postSolution
		SolutionGuid = {FD640C7B-05E4-4E19-BE20-B010F37475C5}
	EndGlobalSection
EndGlobal
