
Microsoft Visual Studio Solution File, Format Version 12.00
# Visual Studio Version 16
VisualStudioVersion = 16.0.32228.343
MinimumVisualStudioVersion = 10.0.40219.1
Project("{FAE04EC0-301F-11D3-BF4B-00C04F79EFBC}") = "2", "2.csproj", "{3EA56681-0DEC-4638-BE71-1F512F09D51F}"
EndProject
Global
	GlobalSection(SolutionConfigurationPlatforms) = preSolution
		Debug|Any CPU = Debug|Any CPU
		Release|Any CPU = Release|Any CPU
	EndGlobalSection
	GlobalSection(ProjectConfigurationPlatforms) = postSolution
		{3EA56681-0DEC-4638-BE71-1F512F09D51F}.Debug|Any CPU.ActiveCfg = Debug|Any CPU
		{3EA56681-0DEC-4638-BE71-1F512F09D51F}.Debug|Any CPU.Build.0 = Debug|Any CPU
		{3EA56681-0DEC-4638-BE71-1F512F09D51F}.Release|Any CPU.ActiveCfg = Release|Any CPU
		{3EA56681-0DEC-4638-BE71-1F512F09D51F}.Release|Any CPU.Build.0 = Release|Any CPU
	EndGlobalSection
	GlobalSection(SolutionProperties) = preSolution
		HideSolutionNode = FALSE
	EndGlobalSection
	GlobalSection(ExtensibilityGlobals) = postSolution
		SolutionGuid = {996EF6F5-4635-4830-9D12-969547FE0787}
	EndGlobalSection
EndGlobal
