
Microsoft Visual Studio Solution File, Format Version 12.00
# Visual Studio Version 16
VisualStudioVersion = 16.0.32228.343
MinimumVisualStudioVersion = 10.0.40219.1
Project("{FAE04EC0-301F-11D3-BF4B-00C04F79EFBC}") = "5", "5.csproj", "{9D08F8A5-5D58-4243-9F20-264A1E61D511}"
EndProject
Global
	GlobalSection(SolutionConfigurationPlatforms) = preSolution
		Debug|Any CPU = Debug|Any CPU
		Release|Any CPU = Release|Any CPU
	EndGlobalSection
	GlobalSection(ProjectConfigurationPlatforms) = postSolution
		{9D08F8A5-5D58-4243-9F20-264A1E61D511}.Debug|Any CPU.ActiveCfg = Debug|Any CPU
		{9D08F8A5-5D58-4243-9F20-264A1E61D511}.Debug|Any CPU.Build.0 = Debug|Any CPU
		{9D08F8A5-5D58-4243-9F20-264A1E61D511}.Release|Any CPU.ActiveCfg = Release|Any CPU
		{9D08F8A5-5D58-4243-9F20-264A1E61D511}.Release|Any CPU.Build.0 = Release|Any CPU
	EndGlobalSection
	GlobalSection(SolutionProperties) = preSolution
		HideSolutionNode = FALSE
	EndGlobalSection
	GlobalSection(ExtensibilityGlobals) = postSolution
		SolutionGuid = {A6DB1A3E-11E7-49E3-81E5-3A4C5A0017D9}
	EndGlobalSection
EndGlobal
