
Microsoft Visual Studio Solution File, Format Version 12.00
# Visual Studio Version 16
VisualStudioVersion = 16.0.32228.343
MinimumVisualStudioVersion = 10.0.40219.1
Project("{FAE04EC0-301F-11D3-BF4B-00C04F79EFBC}") = "A", "A.csproj", "{51EE9052-DBAE-41E1-BB06-602389F6CC36}"
EndProject
Global
	GlobalSection(SolutionConfigurationPlatforms) = preSolution
		Debug|Any CPU = Debug|Any CPU
		Release|Any CPU = Release|Any CPU
	EndGlobalSection
	GlobalSection(ProjectConfigurationPlatforms) = postSolution
		{51EE9052-DBAE-41E1-BB06-602389F6CC36}.Debug|Any CPU.ActiveCfg = Debug|Any CPU
		{51EE9052-DBAE-41E1-BB06-602389F6CC36}.Debug|Any CPU.Build.0 = Debug|Any CPU
		{51EE9052-DBAE-41E1-BB06-602389F6CC36}.Release|Any CPU.ActiveCfg = Release|Any CPU
		{51EE9052-DBAE-41E1-BB06-602389F6CC36}.Release|Any CPU.Build.0 = Release|Any CPU
	EndGlobalSection
	GlobalSection(SolutionProperties) = preSolution
		HideSolutionNode = FALSE
	EndGlobalSection
	GlobalSection(ExtensibilityGlobals) = postSolution
		SolutionGuid = {D64D0024-3A4C-439C-92DB-E33ADEA3E817}
	EndGlobalSection
EndGlobal
