
Microsoft Visual Studio Solution File, Format Version 12.00
# Visual Studio Version 16
VisualStudioVersion = 16.0.32228.343
MinimumVisualStudioVersion = 10.0.40219.1
Project("{FAE04EC0-301F-11D3-BF4B-00C04F79EFBC}") = "3", "3.csproj", "{D8B4F35C-39A7-4000-90EA-185F737AF17F}"
EndProject
Global
	GlobalSection(SolutionConfigurationPlatforms) = preSolution
		Debug|Any CPU = Debug|Any CPU
		Release|Any CPU = Release|Any CPU
	EndGlobalSection
	GlobalSection(ProjectConfigurationPlatforms) = postSolution
		{D8B4F35C-39A7-4000-90EA-185F737AF17F}.Debug|Any CPU.ActiveCfg = Debug|Any CPU
		{D8B4F35C-39A7-4000-90EA-185F737AF17F}.Debug|Any CPU.Build.0 = Debug|Any CPU
		{D8B4F35C-39A7-4000-90EA-185F737AF17F}.Release|Any CPU.ActiveCfg = Release|Any CPU
		{D8B4F35C-39A7-4000-90EA-185F737AF17F}.Release|Any CPU.Build.0 = Release|Any CPU
	EndGlobalSection
	GlobalSection(SolutionProperties) = preSolution
		HideSolutionNode = FALSE
	EndGlobalSection
	GlobalSection(ExtensibilityGlobals) = postSolution
		SolutionGuid = {6EB54B53-EAA1-40A4-8F18-41D7C11F3FE3}
	EndGlobalSection
EndGlobal
