
Microsoft Visual Studio Solution File, Format Version 12.00
# Visual Studio Version 16
VisualStudioVersion = 16.0.32228.343
MinimumVisualStudioVersion = 10.0.40219.1
Project("{FAE04EC0-301F-11D3-BF4B-00C04F79EFBC}") = "C", "C.csproj", "{6EA33463-6F5C-45B3-8BB2-0F33C4E2C099}"
EndProject
Global
	GlobalSection(SolutionConfigurationPlatforms) = preSolution
		Debug|Any CPU = Debug|Any CPU
		Release|Any CPU = Release|Any CPU
	EndGlobalSection
	GlobalSection(ProjectConfigurationPlatforms) = postSolution
		{6EA33463-6F5C-45B3-8BB2-0F33C4E2C099}.Debug|Any CPU.ActiveCfg = Debug|Any CPU
		{6EA33463-6F5C-45B3-8BB2-0F33C4E2C099}.Debug|Any CPU.Build.0 = Debug|Any CPU
		{6EA33463-6F5C-45B3-8BB2-0F33C4E2C099}.Release|Any CPU.ActiveCfg = Release|Any CPU
		{6EA33463-6F5C-45B3-8BB2-0F33C4E2C099}.Release|Any CPU.Build.0 = Release|Any CPU
	EndGlobalSection
	GlobalSection(SolutionProperties) = preSolution
		HideSolutionNode = FALSE
	EndGlobalSection
	GlobalSection(ExtensibilityGlobals) = postSolution
		SolutionGuid = {1DBB2796-F38E-42F4-A403-252C5717EEC5}
	EndGlobalSection
EndGlobal
