
Microsoft Visual Studio Solution File, Format Version 12.00
# Visual Studio Version 16
VisualStudioVersion = 16.0.32228.343
MinimumVisualStudioVersion = 10.0.40219.1
Project("{FAE04EC0-301F-11D3-BF4B-00C04F79EFBC}") = "B", "B.csproj", "{FEE8EE20-E121-4863-AB77-05932D24B0C9}"
EndProject
Global
	GlobalSection(SolutionConfigurationPlatforms) = preSolution
		Debug|Any CPU = Debug|Any CPU
		Release|Any CPU = Release|Any CPU
	EndGlobalSection
	GlobalSection(ProjectConfigurationPlatforms) = postSolution
		{FEE8EE20-E121-4863-AB77-05932D24B0C9}.Debug|Any CPU.ActiveCfg = Debug|Any CPU
		{FEE8EE20-E121-4863-AB77-05932D24B0C9}.Debug|Any CPU.Build.0 = Debug|Any CPU
		{FEE8EE20-E121-4863-AB77-05932D24B0C9}.Release|Any CPU.ActiveCfg = Release|Any CPU
		{FEE8EE20-E121-4863-AB77-05932D24B0C9}.Release|Any CPU.Build.0 = Release|Any CPU
	EndGlobalSection
	GlobalSection(SolutionProperties) = preSolution
		HideSolutionNode = FALSE
	EndGlobalSection
	GlobalSection(ExtensibilityGlobals) = postSolution
		SolutionGuid = {CD3254C7-2B44-4795-9824-C63E212FE9E3}
	EndGlobalSection
EndGlobal
